// !$*UTF8*$!
{
	archiveVersion = 1;
	classes = {
	};
	objectVersion = 52;
	objects = {

/* Begin PBXBuildFile section */
		D531AA4A249BF2A200648152 /* DetailTableViewController.swift in Sources */ = {isa = PBXBuildFile; fileRef = D531AA49249BF2A100648152 /* DetailTableViewController.swift */; };
		D56CFFEF24898EE400C101B0 /* Mocks in Resources */ = {isa = PBXBuildFile; fileRef = D56CFFEE24898EE400C101B0 /* Mocks */; };
		D580D53C24873CDB001B9AFD /* AppDelegate.swift in Sources */ = {isa = PBXBuildFile; fileRef = D580D53B24873CDB001B9AFD /* AppDelegate.swift */; };
		D580D53E24873CDB001B9AFD /* SceneDelegate.swift in Sources */ = {isa = PBXBuildFile; fileRef = D580D53D24873CDB001B9AFD /* SceneDelegate.swift */; };
		D580D54024873CDB001B9AFD /* MasterViewController.swift in Sources */ = {isa = PBXBuildFile; fileRef = D580D53F24873CDB001B9AFD /* MasterViewController.swift */; };
		D580D54524873CDB001B9AFD /* Main.storyboard in Resources */ = {isa = PBXBuildFile; fileRef = D580D54324873CDB001B9AFD /* Main.storyboard */; };
		D580D54724873CDC001B9AFD /* Assets.xcassets in Resources */ = {isa = PBXBuildFile; fileRef = D580D54624873CDC001B9AFD /* Assets.xcassets */; };
		D580D54A24873CDC001B9AFD /* LaunchScreen.storyboard in Resources */ = {isa = PBXBuildFile; fileRef = D580D54824873CDC001B9AFD /* LaunchScreen.storyboard */; };
		D580D55524873CDC001B9AFD /* StarwarsAppTests.swift in Sources */ = {isa = PBXBuildFile; fileRef = D580D55424873CDC001B9AFD /* StarwarsAppTests.swift */; };
		D580D56024873CDC001B9AFD /* StarwarsAppUITests.swift in Sources */ = {isa = PBXBuildFile; fileRef = D580D55F24873CDC001B9AFD /* StarwarsAppUITests.swift */; };
		D580D56E24874A9A001B9AFD /* MasterDataSource.swift in Sources */ = {isa = PBXBuildFile; fileRef = D580D56D24874A9A001B9AFD /* MasterDataSource.swift */; };
		D5AB4231249C620E00F876C9 /* DetailTableViewCell.swift in Sources */ = {isa = PBXBuildFile; fileRef = D5AB4230249C620E00F876C9 /* DetailTableViewCell.swift */; };
		D5AB4233249C77C500F876C9 /* PersonPresenter.swift in Sources */ = {isa = PBXBuildFile; fileRef = D5AB4232249C77C500F876C9 /* PersonPresenter.swift */; };
		D5AB4240249C830300F876C9 /* StarshipPresenter.swift in Sources */ = {isa = PBXBuildFile; fileRef = D5AB423D249C830300F876C9 /* StarshipPresenter.swift */; };
		D5AB4241249C830300F876C9 /* VehiclePresenter.swift in Sources */ = {isa = PBXBuildFile; fileRef = D5AB423F249C830300F876C9 /* VehiclePresenter.swift */; };
		D5AB4242249C830300F876C9 /* PlanetPresenter.swift in Sources */ = {isa = PBXBuildFile; fileRef = D5AB423C249C830300F876C9 /* PlanetPresenter.swift */; };
		D5AB4243249C830300F876C9 /* FilmPresenter.swift in Sources */ = {isa = PBXBuildFile; fileRef = D5AB423E249C830300F876C9 /* FilmPresenter.swift */; };
		D5AB4245249C8B8900F876C9 /* PresenterAttributes.swift in Sources */ = {isa = PBXBuildFile; fileRef = D5AB4244249C8B8900F876C9 /* PresenterAttributes.swift */; };
		D5D3599424877D79005BCA47 /* TODO.md in Resources */ = {isa = PBXBuildFile; fileRef = D5D3599324877D79005BCA47 /* TODO.md */; };
		D5D3599624878D2D005BCA47 /* People.swift in Sources */ = {isa = PBXBuildFile; fileRef = D5D3599524878D2D005BCA47 /* People.swift */; };
		D5D35998248895D3005BCA47 /* Planets.swift in Sources */ = {isa = PBXBuildFile; fileRef = D5D35997248895D3005BCA47 /* Planets.swift */; };
		D5D3599A2488BDB6005BCA47 /* Films.swift in Sources */ = {isa = PBXBuildFile; fileRef = D5D359992488BDB6005BCA47 /* Films.swift */; };
		D5D3599C2488BEE3005BCA47 /* Starships.swift in Sources */ = {isa = PBXBuildFile; fileRef = D5D3599B2488BEE3005BCA47 /* Starships.swift */; };
		D5D3599E2488BFE1005BCA47 /* Vehicles.swift in Sources */ = {isa = PBXBuildFile; fileRef = D5D3599D2488BFE1005BCA47 /* Vehicles.swift */; };
		D5D359A22488F708005BCA47 /* ReadMe.md in Resources */ = {isa = PBXBuildFile; fileRef = D5D359A12488F708005BCA47 /* ReadMe.md */; };
		D5D537E2249EF26E003503E8 /* MasterTableViewCell.swift in Sources */ = {isa = PBXBuildFile; fileRef = D5D537E1249EF26E003503E8 /* MasterTableViewCell.swift */; };
		D5E6E78D248772D3005AD175 /* ResonanceKit in Frameworks */ = {isa = PBXBuildFile; productRef = D5E6E78C248772D3005AD175 /* ResonanceKit */; };
		D5E6E78F248776CD005AD175 /* NetworkController.swift in Sources */ = {isa = PBXBuildFile; fileRef = D5E6E78E248776CD005AD175 /* NetworkController.swift */; };
/* End PBXBuildFile section */

/* Begin PBXContainerItemProxy section */
		D580D55124873CDC001B9AFD /* PBXContainerItemProxy */ = {
			isa = PBXContainerItemProxy;
			containerPortal = D580D53024873CDB001B9AFD /* Project object */;
			proxyType = 1;
			remoteGlobalIDString = D580D53724873CDB001B9AFD;
			remoteInfo = StarwarsApp;
		};
		D580D55C24873CDC001B9AFD /* PBXContainerItemProxy */ = {
			isa = PBXContainerItemProxy;
			containerPortal = D580D53024873CDB001B9AFD /* Project object */;
			proxyType = 1;
			remoteGlobalIDString = D580D53724873CDB001B9AFD;
			remoteInfo = StarwarsApp;
		};
/* End PBXContainerItemProxy section */

/* Begin PBXFileReference section */
		D52A777B249822C0001ACC43 /* StarwarsApp.entitlements */ = {isa = PBXFileReference; lastKnownFileType = text.plist.entitlements; path = StarwarsApp.entitlements; sourceTree = "<group>"; };
		D531AA49249BF2A100648152 /* DetailTableViewController.swift */ = {isa = PBXFileReference; lastKnownFileType = sourcecode.swift; path = DetailTableViewController.swift; sourceTree = "<group>"; };
		D56CFFEE24898EE400C101B0 /* Mocks */ = {isa = PBXFileReference; lastKnownFileType = folder; path = Mocks; sourceTree = "<group>"; };
		D56CFFF02489AF3500C101B0 /* ResonanceKit */ = {isa = PBXFileReference; lastKnownFileType = folder; name = ResonanceKit; path = ../ResonanceKit; sourceTree = "<group>"; };
		D580D53824873CDB001B9AFD /* StarwarsApp.app */ = {isa = PBXFileReference; explicitFileType = wrapper.application; includeInIndex = 0; path = StarwarsApp.app; sourceTree = BUILT_PRODUCTS_DIR; };
		D580D53B24873CDB001B9AFD /* AppDelegate.swift */ = {isa = PBXFileReference; lastKnownFileType = sourcecode.swift; path = AppDelegate.swift; sourceTree = "<group>"; };
		D580D53D24873CDB001B9AFD /* SceneDelegate.swift */ = {isa = PBXFileReference; lastKnownFileType = sourcecode.swift; path = SceneDelegate.swift; sourceTree = "<group>"; };
		D580D53F24873CDB001B9AFD /* MasterViewController.swift */ = {isa = PBXFileReference; lastKnownFileType = sourcecode.swift; path = MasterViewController.swift; sourceTree = "<group>"; };
		D580D54424873CDB001B9AFD /* Base */ = {isa = PBXFileReference; lastKnownFileType = file.storyboard; name = Base; path = Base.lproj/Main.storyboard; sourceTree = "<group>"; };
		D580D54624873CDC001B9AFD /* Assets.xcassets */ = {isa = PBXFileReference; lastKnownFileType = folder.assetcatalog; path = Assets.xcassets; sourceTree = "<group>"; };
		D580D54924873CDC001B9AFD /* Base */ = {isa = PBXFileReference; lastKnownFileType = file.storyboard; name = Base; path = Base.lproj/LaunchScreen.storyboard; sourceTree = "<group>"; };
		D580D54B24873CDC001B9AFD /* Info.plist */ = {isa = PBXFileReference; lastKnownFileType = text.plist.xml; path = Info.plist; sourceTree = "<group>"; };
		D580D55024873CDC001B9AFD /* StarwarsAppTests.xctest */ = {isa = PBXFileReference; explicitFileType = wrapper.cfbundle; includeInIndex = 0; path = StarwarsAppTests.xctest; sourceTree = BUILT_PRODUCTS_DIR; };
		D580D55424873CDC001B9AFD /* StarwarsAppTests.swift */ = {isa = PBXFileReference; lastKnownFileType = sourcecode.swift; path = StarwarsAppTests.swift; sourceTree = "<group>"; };
		D580D55624873CDC001B9AFD /* Info.plist */ = {isa = PBXFileReference; lastKnownFileType = text.plist.xml; path = Info.plist; sourceTree = "<group>"; };
		D580D55B24873CDC001B9AFD /* StarwarsAppUITests.xctest */ = {isa = PBXFileReference; explicitFileType = wrapper.cfbundle; includeInIndex = 0; path = StarwarsAppUITests.xctest; sourceTree = BUILT_PRODUCTS_DIR; };
		D580D55F24873CDC001B9AFD /* StarwarsAppUITests.swift */ = {isa = PBXFileReference; lastKnownFileType = sourcecode.swift; path = StarwarsAppUITests.swift; sourceTree = "<group>"; };
		D580D56124873CDC001B9AFD /* Info.plist */ = {isa = PBXFileReference; lastKnownFileType = text.plist.xml; path = Info.plist; sourceTree = "<group>"; };
		D580D56D24874A9A001B9AFD /* MasterDataSource.swift */ = {isa = PBXFileReference; lastKnownFileType = sourcecode.swift; path = MasterDataSource.swift; sourceTree = "<group>"; };
		D5AB4230249C620E00F876C9 /* DetailTableViewCell.swift */ = {isa = PBXFileReference; lastKnownFileType = sourcecode.swift; path = DetailTableViewCell.swift; sourceTree = "<group>"; };
		D5AB4232249C77C500F876C9 /* PersonPresenter.swift */ = {isa = PBXFileReference; lastKnownFileType = sourcecode.swift; path = PersonPresenter.swift; sourceTree = "<group>"; };
		D5AB423C249C830300F876C9 /* PlanetPresenter.swift */ = {isa = PBXFileReference; lastKnownFileType = sourcecode.swift; path = PlanetPresenter.swift; sourceTree = "<group>"; };
		D5AB423D249C830300F876C9 /* StarshipPresenter.swift */ = {isa = PBXFileReference; lastKnownFileType = sourcecode.swift; path = StarshipPresenter.swift; sourceTree = "<group>"; };
		D5AB423E249C830300F876C9 /* FilmPresenter.swift */ = {isa = PBXFileReference; lastKnownFileType = sourcecode.swift; path = FilmPresenter.swift; sourceTree = "<group>"; };
		D5AB423F249C830300F876C9 /* VehiclePresenter.swift */ = {isa = PBXFileReference; lastKnownFileType = sourcecode.swift; path = VehiclePresenter.swift; sourceTree = "<group>"; };
		D5AB4244249C8B8900F876C9 /* PresenterAttributes.swift */ = {isa = PBXFileReference; lastKnownFileType = sourcecode.swift; path = PresenterAttributes.swift; sourceTree = "<group>"; };
		D5D3599324877D79005BCA47 /* TODO.md */ = {isa = PBXFileReference; lastKnownFileType = net.daringfireball.markdown; path = TODO.md; sourceTree = "<group>"; };
		D5D3599524878D2D005BCA47 /* People.swift */ = {isa = PBXFileReference; lastKnownFileType = sourcecode.swift; path = People.swift; sourceTree = "<group>"; };
		D5D35997248895D3005BCA47 /* Planets.swift */ = {isa = PBXFileReference; lastKnownFileType = sourcecode.swift; path = Planets.swift; sourceTree = "<group>"; };
		D5D359992488BDB6005BCA47 /* Films.swift */ = {isa = PBXFileReference; lastKnownFileType = sourcecode.swift; path = Films.swift; sourceTree = "<group>"; };
		D5D3599B2488BEE3005BCA47 /* Starships.swift */ = {isa = PBXFileReference; lastKnownFileType = sourcecode.swift; path = Starships.swift; sourceTree = "<group>"; };
		D5D3599D2488BFE1005BCA47 /* Vehicles.swift */ = {isa = PBXFileReference; lastKnownFileType = sourcecode.swift; path = Vehicles.swift; sourceTree = "<group>"; };
		D5D359A12488F708005BCA47 /* ReadMe.md */ = {isa = PBXFileReference; lastKnownFileType = net.daringfireball.markdown; path = ReadMe.md; sourceTree = "<group>"; };
		D5D537E1249EF26E003503E8 /* MasterTableViewCell.swift */ = {isa = PBXFileReference; lastKnownFileType = sourcecode.swift; path = MasterTableViewCell.swift; sourceTree = "<group>"; };
		D5E6E78E248776CD005AD175 /* NetworkController.swift */ = {isa = PBXFileReference; lastKnownFileType = sourcecode.swift; path = NetworkController.swift; sourceTree = "<group>"; };
/* End PBXFileReference section */

/* Begin PBXFrameworksBuildPhase section */
		D580D53524873CDB001B9AFD /* Frameworks */ = {
			isa = PBXFrameworksBuildPhase;
			buildActionMask = 2147483647;
			files = (
				D5E6E78D248772D3005AD175 /* ResonanceKit in Frameworks */,
			);
			runOnlyForDeploymentPostprocessing = 0;
		};
		D580D54D24873CDC001B9AFD /* Frameworks */ = {
			isa = PBXFrameworksBuildPhase;
			buildActionMask = 2147483647;
			files = (
			);
			runOnlyForDeploymentPostprocessing = 0;
		};
		D580D55824873CDC001B9AFD /* Frameworks */ = {
			isa = PBXFrameworksBuildPhase;
			buildActionMask = 2147483647;
			files = (
			);
			runOnlyForDeploymentPostprocessing = 0;
		};
/* End PBXFrameworksBuildPhase section */

/* Begin PBXGroup section */
		D580D52F24873CDB001B9AFD = {
			isa = PBXGroup;
			children = (
				D56CFFF02489AF3500C101B0 /* ResonanceKit */,
				D5D359A12488F708005BCA47 /* ReadMe.md */,
				D5D3599324877D79005BCA47 /* TODO.md */,
				D580D53A24873CDB001B9AFD /* StarwarsApp */,
				D580D55324873CDC001B9AFD /* StarwarsAppTests */,
				D580D55E24873CDC001B9AFD /* StarwarsAppUITests */,
				D580D53924873CDB001B9AFD /* Products */,
			);
			sourceTree = "<group>";
		};
		D580D53924873CDB001B9AFD /* Products */ = {
			isa = PBXGroup;
			children = (
				D580D53824873CDB001B9AFD /* StarwarsApp.app */,
				D580D55024873CDC001B9AFD /* StarwarsAppTests.xctest */,
				D580D55B24873CDC001B9AFD /* StarwarsAppUITests.xctest */,
			);
			name = Products;
			sourceTree = "<group>";
		};
		D580D53A24873CDB001B9AFD /* StarwarsApp */ = {
			isa = PBXGroup;
			children = (
				D52A777B249822C0001ACC43 /* StarwarsApp.entitlements */,
				D580D53B24873CDB001B9AFD /* AppDelegate.swift */,
				D580D53D24873CDB001B9AFD /* SceneDelegate.swift */,
				D580D53F24873CDB001B9AFD /* MasterViewController.swift */,
				D5D537E1249EF26E003503E8 /* MasterTableViewCell.swift */,
				D580D56D24874A9A001B9AFD /* MasterDataSource.swift */,
				D5E6E78E248776CD005AD175 /* NetworkController.swift */,
				D5AB4244249C8B8900F876C9 /* PresenterAttributes.swift */,
				D5AB4232249C77C500F876C9 /* PersonPresenter.swift */,
				D5AB423E249C830300F876C9 /* FilmPresenter.swift */,
				D5AB423C249C830300F876C9 /* PlanetPresenter.swift */,
				D5AB423D249C830300F876C9 /* StarshipPresenter.swift */,
				D5AB423F249C830300F876C9 /* VehiclePresenter.swift */,
				D5D3599524878D2D005BCA47 /* People.swift */,
				D5D359992488BDB6005BCA47 /* Films.swift */,
				D5D3599B2488BEE3005BCA47 /* Starships.swift */,
				D5D35997248895D3005BCA47 /* Planets.swift */,
				D5D3599D2488BFE1005BCA47 /* Vehicles.swift */,
				D5AB4230249C620E00F876C9 /* DetailTableViewCell.swift */,
				D531AA49249BF2A100648152 /* DetailTableViewController.swift */,
				D580D54324873CDB001B9AFD /* Main.storyboard */,
				D580D54624873CDC001B9AFD /* Assets.xcassets */,
				D580D54824873CDC001B9AFD /* LaunchScreen.storyboard */,
				D580D54B24873CDC001B9AFD /* Info.plist */,
			);
			path = StarwarsApp;
			sourceTree = "<group>";
		};
		D580D55324873CDC001B9AFD /* StarwarsAppTests */ = {
			isa = PBXGroup;
			children = (
				D56CFFEE24898EE400C101B0 /* Mocks */,
				D580D55424873CDC001B9AFD /* StarwarsAppTests.swift */,
				D580D55624873CDC001B9AFD /* Info.plist */,
			);
			path = StarwarsAppTests;
			sourceTree = "<group>";
		};
		D580D55E24873CDC001B9AFD /* StarwarsAppUITests */ = {
			isa = PBXGroup;
			children = (
				D580D55F24873CDC001B9AFD /* StarwarsAppUITests.swift */,
				D580D56124873CDC001B9AFD /* Info.plist */,
			);
			path = StarwarsAppUITests;
			sourceTree = "<group>";
		};
/* End PBXGroup section */

/* Begin PBXNativeTarget section */
		D580D53724873CDB001B9AFD /* StarwarsApp */ = {
			isa = PBXNativeTarget;
			buildConfigurationList = D580D56424873CDC001B9AFD /* Build configuration list for PBXNativeTarget "StarwarsApp" */;
			buildPhases = (
				D580D53424873CDB001B9AFD /* Sources */,
				D580D53524873CDB001B9AFD /* Frameworks */,
				D580D53624873CDB001B9AFD /* Resources */,
			);
			buildRules = (
			);
			dependencies = (
			);
			name = StarwarsApp;
			packageProductDependencies = (
				D5E6E78C248772D3005AD175 /* ResonanceKit */,
			);
			productName = StarwarsApp;
			productReference = D580D53824873CDB001B9AFD /* StarwarsApp.app */;
			productType = "com.apple.product-type.application";
		};
		D580D54F24873CDC001B9AFD /* StarwarsAppTests */ = {
			isa = PBXNativeTarget;
			buildConfigurationList = D580D56724873CDC001B9AFD /* Build configuration list for PBXNativeTarget "StarwarsAppTests" */;
			buildPhases = (
				D580D54C24873CDC001B9AFD /* Sources */,
				D580D54D24873CDC001B9AFD /* Frameworks */,
				D580D54E24873CDC001B9AFD /* Resources */,
			);
			buildRules = (
			);
			dependencies = (
				D580D55224873CDC001B9AFD /* PBXTargetDependency */,
			);
			name = StarwarsAppTests;
			productName = StarwarsAppTests;
			productReference = D580D55024873CDC001B9AFD /* StarwarsAppTests.xctest */;
			productType = "com.apple.product-type.bundle.unit-test";
		};
		D580D55A24873CDC001B9AFD /* StarwarsAppUITests */ = {
			isa = PBXNativeTarget;
			buildConfigurationList = D580D56A24873CDC001B9AFD /* Build configuration list for PBXNativeTarget "StarwarsAppUITests" */;
			buildPhases = (
				D580D55724873CDC001B9AFD /* Sources */,
				D580D55824873CDC001B9AFD /* Frameworks */,
				D580D55924873CDC001B9AFD /* Resources */,
			);
			buildRules = (
			);
			dependencies = (
				D580D55D24873CDC001B9AFD /* PBXTargetDependency */,
			);
			name = StarwarsAppUITests;
			productName = StarwarsAppUITests;
			productReference = D580D55B24873CDC001B9AFD /* StarwarsAppUITests.xctest */;
			productType = "com.apple.product-type.bundle.ui-testing";
		};
/* End PBXNativeTarget section */

/* Begin PBXProject section */
		D580D53024873CDB001B9AFD /* Project object */ = {
			isa = PBXProject;
			attributes = {
				LastSwiftUpdateCheck = 1150;
				LastUpgradeCheck = 1150;
				ORGANIZATIONNAME = "Paul Ossenbruggen";
				TargetAttributes = {
					D580D53724873CDB001B9AFD = {
						CreatedOnToolsVersion = 11.5;
					};
					D580D54F24873CDC001B9AFD = {
						CreatedOnToolsVersion = 11.5;
						TestTargetID = D580D53724873CDB001B9AFD;
					};
					D580D55A24873CDC001B9AFD = {
						CreatedOnToolsVersion = 11.5;
						TestTargetID = D580D53724873CDB001B9AFD;
					};
				};
			};
			buildConfigurationList = D580D53324873CDB001B9AFD /* Build configuration list for PBXProject "StarwarsApp" */;
			compatibilityVersion = "Xcode 9.3";
			developmentRegion = en;
			hasScannedForEncodings = 0;
			knownRegions = (
				en,
				Base,
			);
			mainGroup = D580D52F24873CDB001B9AFD;
			packageReferences = (
				D5E6E78B248772D3005AD175 /* XCRemoteSwiftPackageReference "ResonanceKit" */,
			);
			productRefGroup = D580D53924873CDB001B9AFD /* Products */;
			projectDirPath = "";
			projectRoot = "";
			targets = (
				D580D53724873CDB001B9AFD /* StarwarsApp */,
				D580D54F24873CDC001B9AFD /* StarwarsAppTests */,
				D580D55A24873CDC001B9AFD /* StarwarsAppUITests */,
			);
		};
/* End PBXProject section */

/* Begin PBXResourcesBuildPhase section */
		D580D53624873CDB001B9AFD /* Resources */ = {
			isa = PBXResourcesBuildPhase;
			buildActionMask = 2147483647;
			files = (
				D5D3599424877D79005BCA47 /* TODO.md in Resources */,
				D580D54A24873CDC001B9AFD /* LaunchScreen.storyboard in Resources */,
				D580D54724873CDC001B9AFD /* Assets.xcassets in Resources */,
				D580D54524873CDB001B9AFD /* Main.storyboard in Resources */,
				D5D359A22488F708005BCA47 /* ReadMe.md in Resources */,
			);
			runOnlyForDeploymentPostprocessing = 0;
		};
		D580D54E24873CDC001B9AFD /* Resources */ = {
			isa = PBXResourcesBuildPhase;
			buildActionMask = 2147483647;
			files = (
				D56CFFEF24898EE400C101B0 /* Mocks in Resources */,
			);
			runOnlyForDeploymentPostprocessing = 0;
		};
		D580D55924873CDC001B9AFD /* Resources */ = {
			isa = PBXResourcesBuildPhase;
			buildActionMask = 2147483647;
			files = (
			);
			runOnlyForDeploymentPostprocessing = 0;
		};
/* End PBXResourcesBuildPhase section */

/* Begin PBXSourcesBuildPhase section */
		D580D53424873CDB001B9AFD /* Sources */ = {
			isa = PBXSourcesBuildPhase;
			buildActionMask = 2147483647;
			files = (
				D5AB4231249C620E00F876C9 /* DetailTableViewCell.swift in Sources */,
				D5AB4245249C8B8900F876C9 /* PresenterAttributes.swift in Sources */,
				D580D56E24874A9A001B9AFD /* MasterDataSource.swift in Sources */,
				D580D53C24873CDB001B9AFD /* AppDelegate.swift in Sources */,
				D5AB4242249C830300F876C9 /* PlanetPresenter.swift in Sources */,
				D5E6E78F248776CD005AD175 /* NetworkController.swift in Sources */,
				D531AA4A249BF2A200648152 /* DetailTableViewController.swift in Sources */,
				D580D53E24873CDB001B9AFD /* SceneDelegate.swift in Sources */,
				D580D54024873CDB001B9AFD /* MasterViewController.swift in Sources */,
				D5AB4243249C830300F876C9 /* FilmPresenter.swift in Sources */,
				D5AB4240249C830300F876C9 /* StarshipPresenter.swift in Sources */,
				D5AB4241249C830300F876C9 /* VehiclePresenter.swift in Sources */,
				D5AB4233249C77C500F876C9 /* PersonPresenter.swift in Sources */,
				D5D537E2249EF26E003503E8 /* MasterTableViewCell.swift in Sources */,
				D5D3599624878D2D005BCA47 /* People.swift in Sources */,
				D5D3599C2488BEE3005BCA47 /* Starships.swift in Sources */,
				D5D3599A2488BDB6005BCA47 /* Films.swift in Sources */,
				D5D3599E2488BFE1005BCA47 /* Vehicles.swift in Sources */,
				D5D35998248895D3005BCA47 /* Planets.swift in Sources */,
			);
			runOnlyForDeploymentPostprocessing = 0;
		};
		D580D54C24873CDC001B9AFD /* Sources */ = {
			isa = PBXSourcesBuildPhase;
			buildActionMask = 2147483647;
			files = (
				D580D55524873CDC001B9AFD /* StarwarsAppTests.swift in Sources */,
			);
			runOnlyForDeploymentPostprocessing = 0;
		};
		D580D55724873CDC001B9AFD /* Sources */ = {
			isa = PBXSourcesBuildPhase;
			buildActionMask = 2147483647;
			files = (
				D580D56024873CDC001B9AFD /* StarwarsAppUITests.swift in Sources */,
			);
			runOnlyForDeploymentPostprocessing = 0;
		};
/* End PBXSourcesBuildPhase section */

/* Begin PBXTargetDependency section */
		D580D55224873CDC001B9AFD /* PBXTargetDependency */ = {
			isa = PBXTargetDependency;
			target = D580D53724873CDB001B9AFD /* StarwarsApp */;
			targetProxy = D580D55124873CDC001B9AFD /* PBXContainerItemProxy */;
		};
		D580D55D24873CDC001B9AFD /* PBXTargetDependency */ = {
			isa = PBXTargetDependency;
			target = D580D53724873CDB001B9AFD /* StarwarsApp */;
			targetProxy = D580D55C24873CDC001B9AFD /* PBXContainerItemProxy */;
		};
/* End PBXTargetDependency section */

/* Begin PBXVariantGroup section */
		D580D54324873CDB001B9AFD /* Main.storyboard */ = {
			isa = PBXVariantGroup;
			children = (
				D580D54424873CDB001B9AFD /* Base */,
			);
			name = Main.storyboard;
			sourceTree = "<group>";
		};
		D580D54824873CDC001B9AFD /* LaunchScreen.storyboard */ = {
			isa = PBXVariantGroup;
			children = (
				D580D54924873CDC001B9AFD /* Base */,
			);
			name = LaunchScreen.storyboard;
			sourceTree = "<group>";
		};
/* End PBXVariantGroup section */

/* Begin XCBuildConfiguration section */
		D580D56224873CDC001B9AFD /* Debug */ = {
			isa = XCBuildConfiguration;
			buildSettings = {
				ALWAYS_SEARCH_USER_PATHS = NO;
				CLANG_ANALYZER_NONNULL = YES;
				CLANG_ANALYZER_NUMBER_OBJECT_CONVERSION = YES_AGGRESSIVE;
				CLANG_CXX_LANGUAGE_STANDARD = "gnu++14";
				CLANG_CXX_LIBRARY = "libc++";
				CLANG_ENABLE_MODULES = YES;
				CLANG_ENABLE_OBJC_ARC = YES;
				CLANG_ENABLE_OBJC_WEAK = YES;
				CLANG_WARN_BLOCK_CAPTURE_AUTORELEASING = YES;
				CLANG_WARN_BOOL_CONVERSION = YES;
				CLANG_WARN_COMMA = YES;
				CLANG_WARN_CONSTANT_CONVERSION = YES;
				CLANG_WARN_DEPRECATED_OBJC_IMPLEMENTATIONS = YES;
				CLANG_WARN_DIRECT_OBJC_ISA_USAGE = YES_ERROR;
				CLANG_WARN_DOCUMENTATION_COMMENTS = YES;
				CLANG_WARN_EMPTY_BODY = YES;
				CLANG_WARN_ENUM_CONVERSION = YES;
				CLANG_WARN_INFINITE_RECURSION = YES;
				CLANG_WARN_INT_CONVERSION = YES;
				CLANG_WARN_NON_LITERAL_NULL_CONVERSION = YES;
				CLANG_WARN_OBJC_IMPLICIT_RETAIN_SELF = YES;
				CLANG_WARN_OBJC_LITERAL_CONVERSION = YES;
				CLANG_WARN_OBJC_ROOT_CLASS = YES_ERROR;
				CLANG_WARN_RANGE_LOOP_ANALYSIS = YES;
				CLANG_WARN_STRICT_PROTOTYPES = YES;
				CLANG_WARN_SUSPICIOUS_MOVE = YES;
				CLANG_WARN_UNGUARDED_AVAILABILITY = YES_AGGRESSIVE;
				CLANG_WARN_UNREACHABLE_CODE = YES;
				CLANG_WARN__DUPLICATE_METHOD_MATCH = YES;
				COPY_PHASE_STRIP = NO;
				DEBUG_INFORMATION_FORMAT = dwarf;
				ENABLE_STRICT_OBJC_MSGSEND = YES;
				ENABLE_TESTABILITY = YES;
				GCC_C_LANGUAGE_STANDARD = gnu11;
				GCC_DYNAMIC_NO_PIC = NO;
				GCC_NO_COMMON_BLOCKS = YES;
				GCC_OPTIMIZATION_LEVEL = 0;
				GCC_PREPROCESSOR_DEFINITIONS = (
					"DEBUG=1",
					"$(inherited)",
				);
				GCC_WARN_64_TO_32_BIT_CONVERSION = YES;
				GCC_WARN_ABOUT_RETURN_TYPE = YES_ERROR;
				GCC_WARN_UNDECLARED_SELECTOR = YES;
				GCC_WARN_UNINITIALIZED_AUTOS = YES_AGGRESSIVE;
				GCC_WARN_UNUSED_FUNCTION = YES;
				GCC_WARN_UNUSED_VARIABLE = YES;
				IPHONEOS_DEPLOYMENT_TARGET = 13.5;
				MTL_ENABLE_DEBUG_INFO = INCLUDE_SOURCE;
				MTL_FAST_MATH = YES;
				ONLY_ACTIVE_ARCH = YES;
				SDKROOT = iphoneos;
				SWIFT_ACTIVE_COMPILATION_CONDITIONS = DEBUG;
				SWIFT_OPTIMIZATION_LEVEL = "-Onone";
			};
			name = Debug;
		};
		D580D56324873CDC001B9AFD /* Release */ = {
			isa = XCBuildConfiguration;
			buildSettings = {
				ALWAYS_SEARCH_USER_PATHS = NO;
				CLANG_ANALYZER_NONNULL = YES;
				CLANG_ANALYZER_NUMBER_OBJECT_CONVERSION = YES_AGGRESSIVE;
				CLANG_CXX_LANGUAGE_STANDARD = "gnu++14";
				CLANG_CXX_LIBRARY = "libc++";
				CLANG_ENABLE_MODULES = YES;
				CLANG_ENABLE_OBJC_ARC = YES;
				CLANG_ENABLE_OBJC_WEAK = YES;
				CLANG_WARN_BLOCK_CAPTURE_AUTORELEASING = YES;
				CLANG_WARN_BOOL_CONVERSION = YES;
				CLANG_WARN_COMMA = YES;
				CLANG_WARN_CONSTANT_CONVERSION = YES;
				CLANG_WARN_DEPRECATED_OBJC_IMPLEMENTATIONS = YES;
				CLANG_WARN_DIRECT_OBJC_ISA_USAGE = YES_ERROR;
				CLANG_WARN_DOCUMENTATION_COMMENTS = YES;
				CLANG_WARN_EMPTY_BODY = YES;
				CLANG_WARN_ENUM_CONVERSION = YES;
				CLANG_WARN_INFINITE_RECURSION = YES;
				CLANG_WARN_INT_CONVERSION = YES;
				CLANG_WARN_NON_LITERAL_NULL_CONVERSION = YES;
				CLANG_WARN_OBJC_IMPLICIT_RETAIN_SELF = YES;
				CLANG_WARN_OBJC_LITERAL_CONVERSION = YES;
				CLANG_WARN_OBJC_ROOT_CLASS = YES_ERROR;
				CLANG_WARN_RANGE_LOOP_ANALYSIS = YES;
				CLANG_WARN_STRICT_PROTOTYPES = YES;
				CLANG_WARN_SUSPICIOUS_MOVE = YES;
				CLANG_WARN_UNGUARDED_AVAILABILITY = YES_AGGRESSIVE;
				CLANG_WARN_UNREACHABLE_CODE = YES;
				CLANG_WARN__DUPLICATE_METHOD_MATCH = YES;
				COPY_PHASE_STRIP = NO;
				DEBUG_INFORMATION_FORMAT = "dwarf-with-dsym";
				ENABLE_NS_ASSERTIONS = NO;
				ENABLE_STRICT_OBJC_MSGSEND = YES;
				GCC_C_LANGUAGE_STANDARD = gnu11;
				GCC_NO_COMMON_BLOCKS = YES;
				GCC_WARN_64_TO_32_BIT_CONVERSION = YES;
				GCC_WARN_ABOUT_RETURN_TYPE = YES_ERROR;
				GCC_WARN_UNDECLARED_SELECTOR = YES;
				GCC_WARN_UNINITIALIZED_AUTOS = YES_AGGRESSIVE;
				GCC_WARN_UNUSED_FUNCTION = YES;
				GCC_WARN_UNUSED_VARIABLE = YES;
				IPHONEOS_DEPLOYMENT_TARGET = 13.5;
				MTL_ENABLE_DEBUG_INFO = NO;
				MTL_FAST_MATH = YES;
				SDKROOT = iphoneos;
				SWIFT_COMPILATION_MODE = wholemodule;
				SWIFT_OPTIMIZATION_LEVEL = "-O";
				VALIDATE_PRODUCT = YES;
			};
			name = Release;
		};
		D580D56524873CDC001B9AFD /* Debug */ = {
			isa = XCBuildConfiguration;
			buildSettings = {
				ASSETCATALOG_COMPILER_APPICON_NAME = AppIcon;
				CODE_SIGN_ENTITLEMENTS = StarwarsApp/StarwarsApp.entitlements;
				CODE_SIGN_STYLE = Automatic;
				DEVELOPMENT_TEAM = UVHFXZWG47;
				INFOPLIST_FILE = StarwarsApp/Info.plist;
				LD_RUNPATH_SEARCH_PATHS = (
					"$(inherited)",
					"@executable_path/Frameworks",
				);
				PRODUCT_BUNDLE_IDENTIFIER = com.synthus.StarwarsApp;
				PRODUCT_NAME = "$(TARGET_NAME)";
				SUPPORTS_MACCATALYST = YES;
				SWIFT_VERSION = 5.0;
				TARGETED_DEVICE_FAMILY = "1,2";
			};
			name = Debug;
		};
		D580D56624873CDC001B9AFD /* Release */ = {
			isa = XCBuildConfiguration;
			buildSettings = {
				ASSETCATALOG_COMPILER_APPICON_NAME = AppIcon;
				CODE_SIGN_ENTITLEMENTS = StarwarsApp/StarwarsApp.entitlements;
				CODE_SIGN_STYLE = Automatic;
				DEVELOPMENT_TEAM = UVHFXZWG47;
				INFOPLIST_FILE = StarwarsApp/Info.plist;
				LD_RUNPATH_SEARCH_PATHS = (
					"$(inherited)",
					"@executable_path/Frameworks",
				);
				PRODUCT_BUNDLE_IDENTIFIER = com.synthus.StarwarsApp;
				PRODUCT_NAME = "$(TARGET_NAME)";
				SUPPORTS_MACCATALYST = YES;
				SWIFT_VERSION = 5.0;
				TARGETED_DEVICE_FAMILY = "1,2";
			};
			name = Release;
		};
		D580D56824873CDC001B9AFD /* Debug */ = {
			isa = XCBuildConfiguration;
			buildSettings = {
				ALWAYS_EMBED_SWIFT_STANDARD_LIBRARIES = YES;
				BUNDLE_LOADER = "$(TEST_HOST)";
				CODE_SIGN_STYLE = Automatic;
				DEVELOPMENT_TEAM = UVHFXZWG47;
				INFOPLIST_FILE = StarwarsAppTests/Info.plist;
				IPHONEOS_DEPLOYMENT_TARGET = 13.5;
				LD_RUNPATH_SEARCH_PATHS = (
					"$(inherited)",
					"@executable_path/Frameworks",
					"@loader_path/Frameworks",
				);
				PRODUCT_BUNDLE_IDENTIFIER = com.synthus.StarwarsAppTests;
				PRODUCT_NAME = "$(TARGET_NAME)";
				SWIFT_VERSION = 5.0;
				TARGETED_DEVICE_FAMILY = "1,2";
				TEST_HOST = "$(BUILT_PRODUCTS_DIR)/StarwarsApp.app/StarwarsApp";
			};
			name = Debug;
		};
		D580D56924873CDC001B9AFD /* Release */ = {
			isa = XCBuildConfiguration;
			buildSettings = {
				ALWAYS_EMBED_SWIFT_STANDARD_LIBRARIES = YES;
				BUNDLE_LOADER = "$(TEST_HOST)";
				CODE_SIGN_STYLE = Automatic;
				DEVELOPMENT_TEAM = UVHFXZWG47;
				INFOPLIST_FILE = StarwarsAppTests/Info.plist;
				IPHONEOS_DEPLOYMENT_TARGET = 13.5;
				LD_RUNPATH_SEARCH_PATHS = (
					"$(inherited)",
					"@executable_path/Frameworks",
					"@loader_path/Frameworks",
				);
				PRODUCT_BUNDLE_IDENTIFIER = com.synthus.StarwarsAppTests;
				PRODUCT_NAME = "$(TARGET_NAME)";
				SWIFT_VERSION = 5.0;
				TARGETED_DEVICE_FAMILY = "1,2";
				TEST_HOST = "$(BUILT_PRODUCTS_DIR)/StarwarsApp.app/StarwarsApp";
			};
			name = Release;
		};
		D580D56B24873CDC001B9AFD /* Debug */ = {
			isa = XCBuildConfiguration;
			buildSettings = {
				ALWAYS_EMBED_SWIFT_STANDARD_LIBRARIES = YES;
				CODE_SIGN_STYLE = Automatic;
				DEVELOPMENT_TEAM = UVHFXZWG47;
				INFOPLIST_FILE = StarwarsAppUITests/Info.plist;
				LD_RUNPATH_SEARCH_PATHS = (
					"$(inherited)",
					"@executable_path/Frameworks",
					"@loader_path/Frameworks",
				);
				PRODUCT_BUNDLE_IDENTIFIER = com.synthus.StarwarsAppUITests;
				PRODUCT_NAME = "$(TARGET_NAME)";
				SWIFT_VERSION = 5.0;
				TARGETED_DEVICE_FAMILY = "1,2";
				TEST_TARGET_NAME = StarwarsApp;
			};
			name = Debug;
		};
		D580D56C24873CDC001B9AFD /* Release */ = {
			isa = XCBuildConfiguration;
			buildSettings = {
				ALWAYS_EMBED_SWIFT_STANDARD_LIBRARIES = YES;
				CODE_SIGN_STYLE = Automatic;
				DEVELOPMENT_TEAM = UVHFXZWG47;
				INFOPLIST_FILE = StarwarsAppUITests/Info.plist;
				LD_RUNPATH_SEARCH_PATHS = (
					"$(inherited)",
					"@executable_path/Frameworks",
					"@loader_path/Frameworks",
				);
				PRODUCT_BUNDLE_IDENTIFIER = com.synthus.StarwarsAppUITests;
				PRODUCT_NAME = "$(TARGET_NAME)";
				SWIFT_VERSION = 5.0;
				TARGETED_DEVICE_FAMILY = "1,2";
				TEST_TARGET_NAME = StarwarsApp;
			};
			name = Release;
		};
/* End XCBuildConfiguration section */

/* Begin XCConfigurationList section */
		D580D53324873CDB001B9AFD /* Build configuration list for PBXProject "StarwarsApp" */ = {
			isa = XCConfigurationList;
			buildConfigurations = (
				D580D56224873CDC001B9AFD /* Debug */,
				D580D56324873CDC001B9AFD /* Release */,
			);
			defaultConfigurationIsVisible = 0;
			defaultConfigurationName = Release;
		};
		D580D56424873CDC001B9AFD /* Build configuration list for PBXNativeTarget "StarwarsApp" */ = {
			isa = XCConfigurationList;
			buildConfigurations = (
				D580D56524873CDC001B9AFD /* Debug */,
				D580D56624873CDC001B9AFD /* Release */,
			);
			defaultConfigurationIsVisible = 0;
			defaultConfigurationName = Release;
		};
		D580D56724873CDC001B9AFD /* Build configuration list for PBXNativeTarget "StarwarsAppTests" */ = {
			isa = XCConfigurationList;
			buildConfigurations = (
				D580D56824873CDC001B9AFD /* Debug */,
				D580D56924873CDC001B9AFD /* Release */,
			);
			defaultConfigurationIsVisible = 0;
			defaultConfigurationName = Release;
		};
		D580D56A24873CDC001B9AFD /* Build configuration list for PBXNativeTarget "StarwarsAppUITests" */ = {
			isa = XCConfigurationList;
			buildConfigurations = (
				D580D56B24873CDC001B9AFD /* Debug */,
				D580D56C24873CDC001B9AFD /* Release */,
			);
			defaultConfigurationIsVisible = 0;
			defaultConfigurationName = Release;
		};
/* End XCConfigurationList section */

/* Begin XCRemoteSwiftPackageReference section */
		D5E6E78B248772D3005AD175 /* XCRemoteSwiftPackageReference "ResonanceKit" */ = {
			isa = XCRemoteSwiftPackageReference;
			repositoryURL = "git@github.com:possen/ResonanceKit.git";
			requirement = {
				branch = master;
				kind = branch;
			};
		};
/* End XCRemoteSwiftPackageReference section */

/* Begin XCSwiftPackageProductDependency section */
		D5E6E78C248772D3005AD175 /* ResonanceKit */ = {
			isa = XCSwiftPackageProductDependency;
			package = D5E6E78B248772D3005AD175 /* XCRemoteSwiftPackageReference "ResonanceKit" */;
			productName = ResonanceKit;
		};
/* End XCSwiftPackageProductDependency section */
	};
	rootObject = D580D53024873CDB001B9AFD /* Project object */;
}
