{
  "object": {
    "pins": [
      {
        "package": "ResonanceKit",
        "repositoryURL": "git@github.com:possen/ResonanceKit.git",
        "state": {
          "branch": "master",
          "revision": "b9385211f8b981173c2580e226c6b8c1cab3e378",
          "version": null
        }
      },
      {
        "package": "SwiftCoroutine",
        "repositoryURL": "https://github.com/belozierov/SwiftCoroutine.git",
        "state": {
          "branch": null,
          "revision": "19e8f993a683bcae57b19de7b221f6dbddbe1b69",
          "version": "2.1.8"
        }
      },
      {
        "package": "SwiftyBeaverKit",
        "repositoryURL": "https://github.com/possen/SwiftyBeaver.git",
        "state": {
          "branch": "master",
          "revision": "483a13c1daaf6124a972f2e54b1627bb375e1289",
          "version": null
        }
      }
    ]
  },
  "version": 1
}
