{
  "object": {
    "pins": [
      {
        "package": "ResonanceKit",
        "repositoryURL": "git@github.com:possen/ResonanceKit.git",
        "state": {
          "branch": "master",
          "revision": "8894d1c65c9a2d55a579ace32a851c448ffb14be",
          "version": null
        }
      },
      {
        "package": "SwiftCoroutine",
        "repositoryURL": "https://github.com/belozierov/SwiftCoroutine.git",
        "state": {
          "branch": null,
          "revision": "e02d8b6a0a103a930029fa058bbc5ee8053a2a57",
          "version": "2.1.4"
        }
      },
      {
        "package": "SwiftyBeaverKit",
        "repositoryURL": "https://github.com/possen/SwiftyBeaver.git",
        "state": {
          "branch": "master",
          "revision": "483a13c1daaf6124a972f2e54b1627bb375e1289",
          "version": null
        }
      }
    ]
  },
  "version": 1
}
